// !$*UTF8*$!
{
	archiveVersion = 1;
	classes = {
	};
	objectVersion = 46;
	objects = {

/* Begin PBXBuildFile section */
		9B4D66251C0243200092933F /* AppDelegate.swift in Sources */ = {isa = PBXBuildFile; fileRef = 9B4D66241C0243200092933F /* AppDelegate.swift */; };
		9B4D66271C0243200092933F /* EditorViewController.swift in Sources */ = {isa = PBXBuildFile; fileRef = 9B4D66261C0243200092933F /* EditorViewController.swift */; };
		9B4D662A1C0243200092933F /* Main.storyboard in Resources */ = {isa = PBXBuildFile; fileRef = 9B4D66281C0243200092933F /* Main.storyboard */; };
		9B4D662C1C0243200092933F /* Assets.xcassets in Resources */ = {isa = PBXBuildFile; fileRef = 9B4D662B1C0243200092933F /* Assets.xcassets */; };
		9B4D662F1C0243200092933F /* LaunchScreen.storyboard in Resources */ = {isa = PBXBuildFile; fileRef = 9B4D662D1C0243200092933F /* LaunchScreen.storyboard */; };
		9B4D663A1C0243200092933F /* MemeMeTests.swift in Sources */ = {isa = PBXBuildFile; fileRef = 9B4D66391C0243200092933F /* MemeMeTests.swift */; };
		9B4D66451C0243200092933F /* MemeMeUITests.swift in Sources */ = {isa = PBXBuildFile; fileRef = 9B4D66441C0243200092933F /* MemeMeUITests.swift */; };
/* End PBXBuildFile section */

/* Begin PBXContainerItemProxy section */
		9B4D66361C0243200092933F /* PBXContainerItemProxy */ = {
			isa = PBXContainerItemProxy;
			containerPortal = 9B4D66191C02431F0092933F /* Project object */;
			proxyType = 1;
			remoteGlobalIDString = 9B4D66201C0243200092933F;
			remoteInfo = MemeMe;
		};
		9B4D66411C0243200092933F /* PBXContainerItemProxy */ = {
			isa = PBXContainerItemProxy;
			containerPortal = 9B4D66191C02431F0092933F /* Project object */;
			proxyType = 1;
			remoteGlobalIDString = 9B4D66201C0243200092933F;
			remoteInfo = MemeMe;
		};
/* End PBXContainerItemProxy section */

/* Begin PBXFileReference section */
		9B4D66211C0243200092933F /* MemeMe.app */ = {isa = PBXFileReference; explicitFileType = wrapper.application; includeInIndex = 0; path = MemeMe.app; sourceTree = BUILT_PRODUCTS_DIR; };
		9B4D66241C0243200092933F /* AppDelegate.swift */ = {isa = PBXFileReference; lastKnownFileType = sourcecode.swift; path = AppDelegate.swift; sourceTree = "<group>"; };
		9B4D66261C0243200092933F /* EditorViewController.swift */ = {isa = PBXFileReference; lastKnownFileType = sourcecode.swift; path = EditorViewController.swift; sourceTree = "<group>"; };
		9B4D66291C0243200092933F /* Base */ = {isa = PBXFileReference; lastKnownFileType = file.storyboard; name = Base; path = Base.lproj/Main.storyboard; sourceTree = "<group>"; };
		9B4D662B1C0243200092933F /* Assets.xcassets */ = {isa = PBXFileReference; lastKnownFileType = folder.assetcatalog; path = Assets.xcassets; sourceTree = "<group>"; };
		9B4D662E1C0243200092933F /* Base */ = {isa = PBXFileReference; lastKnownFileType = file.storyboard; name = Base; path = Base.lproj/LaunchScreen.storyboard; sourceTree = "<group>"; };
		9B4D66301C0243200092933F /* Info.plist */ = {isa = PBXFileReference; lastKnownFileType = text.plist.xml; path = Info.plist; sourceTree = "<group>"; };
		9B4D66351C0243200092933F /* MemeMeTests.xctest */ = {isa = PBXFileReference; explicitFileType = wrapper.cfbundle; includeInIndex = 0; path = MemeMeTests.xctest; sourceTree = BUILT_PRODUCTS_DIR; };
		9B4D66391C0243200092933F /* MemeMeTests.swift */ = {isa = PBXFileReference; lastKnownFileType = sourcecode.swift; path = MemeMeTests.swift; sourceTree = "<group>"; };
		9B4D663B1C0243200092933F /* Info.plist */ = {isa = PBXFileReference; lastKnownFileType = text.plist.xml; path = Info.plist; sourceTree = "<group>"; };
		9B4D66401C0243200092933F /* MemeMeUITests.xctest */ = {isa = PBXFileReference; explicitFileType = wrapper.cfbundle; includeInIndex = 0; path = MemeMeUITests.xctest; sourceTree = BUILT_PRODUCTS_DIR; };
		9B4D66441C0243200092933F /* MemeMeUITests.swift */ = {isa = PBXFileReference; lastKnownFileType = sourcecode.swift; path = MemeMeUITests.swift; sourceTree = "<group>"; };
		9B4D66461C0243200092933F /* Info.plist */ = {isa = PBXFileReference; lastKnownFileType = text.plist.xml; path = Info.plist; sourceTree = "<group>"; };
/* End PBXFileReference section */

/* Begin PBXFrameworksBuildPhase section */
		9B4D661E1C0243200092933F /* Frameworks */ = {
			isa = PBXFrameworksBuildPhase;
			buildActionMask = 2147483647;
			files = (
			);
			runOnlyForDeploymentPostprocessing = 0;
		};
		9B4D66321C0243200092933F /* Frameworks */ = {
			isa = PBXFrameworksBuildPhase;
			buildActionMask = 2147483647;
			files = (
			);
			runOnlyForDeploymentPostprocessing = 0;
		};
		9B4D663D1C0243200092933F /* Frameworks */ = {
			isa = PBXFrameworksBuildPhase;
			buildActionMask = 2147483647;
			files = (
			);
			runOnlyForDeploymentPostprocessing = 0;
		};
/* End PBXFrameworksBuildPhase section */

/* Begin PBXGroup section */
		9B4D66181C02431F0092933F = {
			isa = PBXGroup;
			children = (
				9B4D66231C0243200092933F /* MemeMe */,
				9B4D66381C0243200092933F /* MemeMeTests */,
				9B4D66431C0243200092933F /* MemeMeUITests */,
				9B4D66221C0243200092933F /* Products */,
			);
			sourceTree = "<group>";
		};
		9B4D66221C0243200092933F /* Products */ = {
			isa = PBXGroup;
			children = (
				9B4D66211C0243200092933F /* MemeMe.app */,
				9B4D66351C0243200092933F /* MemeMeTests.xctest */,
				9B4D66401C0243200092933F /* MemeMeUITests.xctest */,
			);
			name = Products;
			sourceTree = "<group>";
		};
		9B4D66231C0243200092933F /* MemeMe */ = {
			isa = PBXGroup;
			children = (
				9B4D66241C0243200092933F /* AppDelegate.swift */,
				9B4D66261C0243200092933F /* EditorViewController.swift */,
				9B4D66281C0243200092933F /* Main.storyboard */,
				9B4D662B1C0243200092933F /* Assets.xcassets */,
				9B4D662D1C0243200092933F /* LaunchScreen.storyboard */,
				9B4D66301C0243200092933F /* Info.plist */,
			);
			path = MemeMe;
			sourceTree = "<group>";
		};
		9B4D66381C0243200092933F /* MemeMeTests */ = {
			isa = PBXGroup;
			children = (
				9B4D66391C0243200092933F /* MemeMeTests.swift */,
				9B4D663B1C0243200092933F /* Info.plist */,
			);
			path = MemeMeTests;
			sourceTree = "<group>";
		};
		9B4D66431C0243200092933F /* MemeMeUITests */ = {
			isa = PBXGroup;
			children = (
				9B4D66441C0243200092933F /* MemeMeUITests.swift */,
				9B4D66461C0243200092933F /* Info.plist */,
			);
			path = MemeMeUITests;
			sourceTree = "<group>";
		};
/* End PBXGroup section */

/* Begin PBXNativeTarget section */
		9B4D66201C0243200092933F /* MemeMe */ = {
			isa = PBXNativeTarget;
			buildConfigurationList = 9B4D66491C0243200092933F /* Build configuration list for PBXNativeTarget "MemeMe" */;
			buildPhases = (
				9B4D661D1C0243200092933F /* Sources */,
				9B4D661E1C0243200092933F /* Frameworks */,
				9B4D661F1C0243200092933F /* Resources */,
			);
			buildRules = (
			);
			dependencies = (
			);
			name = MemeMe;
			productName = MemeMe;
			productReference = 9B4D66211C0243200092933F /* MemeMe.app */;
			productType = "com.apple.product-type.application";
		};
		9B4D66341C0243200092933F /* MemeMeTests */ = {
			isa = PBXNativeTarget;
			buildConfigurationList = 9B4D664C1C0243200092933F /* Build configuration list for PBXNativeTarget "MemeMeTests" */;
			buildPhases = (
				9B4D66311C0243200092933F /* Sources */,
				9B4D66321C0243200092933F /* Frameworks */,
				9B4D66331C0243200092933F /* Resources */,
			);
			buildRules = (
			);
			dependencies = (
				9B4D66371C0243200092933F /* PBXTargetDependency */,
			);
			name = MemeMeTests;
			productName = MemeMeTests;
			productReference = 9B4D66351C0243200092933F /* MemeMeTests.xctest */;
			productType = "com.apple.product-type.bundle.unit-test";
		};
		9B4D663F1C0243200092933F /* MemeMeUITests */ = {
			isa = PBXNativeTarget;
			buildConfigurationList = 9B4D664F1C0243200092933F /* Build configuration list for PBXNativeTarget "MemeMeUITests" */;
			buildPhases = (
				9B4D663C1C0243200092933F /* Sources */,
				9B4D663D1C0243200092933F /* Frameworks */,
				9B4D663E1C0243200092933F /* Resources */,
			);
			buildRules = (
			);
			dependencies = (
				9B4D66421C0243200092933F /* PBXTargetDependency */,
			);
			name = MemeMeUITests;
			productName = MemeMeUITests;
			productReference = 9B4D66401C0243200092933F /* MemeMeUITests.xctest */;
			productType = "com.apple.product-type.bundle.ui-testing";
		};
/* End PBXNativeTarget section */

/* Begin PBXProject section */
		9B4D66191C02431F0092933F /* Project object */ = {
			isa = PBXProject;
			attributes = {
				LastSwiftUpdateCheck = 0710;
				LastUpgradeCheck = 0710;
				ORGANIZATIONNAME = suite22;
				TargetAttributes = {
					9B4D66201C0243200092933F = {
						CreatedOnToolsVersion = 7.1.1;
					};
					9B4D66341C0243200092933F = {
						CreatedOnToolsVersion = 7.1.1;
						TestTargetID = 9B4D66201C0243200092933F;
					};
					9B4D663F1C0243200092933F = {
						CreatedOnToolsVersion = 7.1.1;
						TestTargetID = 9B4D66201C0243200092933F;
					};
				};
			};
			buildConfigurationList = 9B4D661C1C02431F0092933F /* Build configuration list for PBXProject "MemeMe" */;
			compatibilityVersion = "Xcode 3.2";
			developmentRegion = English;
			hasScannedForEncodings = 0;
			knownRegions = (
				en,
				Base,
			);
			mainGroup = 9B4D66181C02431F0092933F;
			productRefGroup = 9B4D66221C0243200092933F /* Products */;
			projectDirPath = "";
			projectRoot = "";
			targets = (
				9B4D66201C0243200092933F /* MemeMe */,
				9B4D66341C0243200092933F /* MemeMeTests */,
				9B4D663F1C0243200092933F /* MemeMeUITests */,
			);
		};
/* End PBXProject section */

/* Begin PBXResourcesBuildPhase section */
		9B4D661F1C0243200092933F /* Resources */ = {
			isa = PBXResourcesBuildPhase;
			buildActionMask = 2147483647;
			files = (
				9B4D662F1C0243200092933F /* LaunchScreen.storyboard in Resources */,
				9B4D662C1C0243200092933F /* Assets.xcassets in Resources */,
				9B4D662A1C0243200092933F /* Main.storyboard in Resources */,
			);
			runOnlyForDeploymentPostprocessing = 0;
		};
		9B4D66331C0243200092933F /* Resources */ = {
			isa = PBXResourcesBuildPhase;
			buildActionMask = 2147483647;
			files = (
			);
			runOnlyForDeploymentPostprocessing = 0;
		};
		9B4D663E1C0243200092933F /* Resources */ = {
			isa = PBXResourcesBuildPhase;
			buildActionMask = 2147483647;
			files = (
			);
			runOnlyForDeploymentPostprocessing = 0;
		};
/* End PBXResourcesBuildPhase section */

/* Begin PBXSourcesBuildPhase section */
		9B4D661D1C0243200092933F /* Sources */ = {
			isa = PBXSourcesBuildPhase;
			buildActionMask = 2147483647;
			files = (
				9B4D66271C0243200092933F /* EditorViewController.swift in Sources */,
				9B4D66251C0243200092933F /* AppDelegate.swift in Sources */,
			);
			runOnlyForDeploymentPostprocessing = 0;
		};
		9B4D66311C0243200092933F /* Sources */ = {
			isa = PBXSourcesBuildPhase;
			buildActionMask = 2147483647;
			files = (
				9B4D663A1C0243200092933F /* MemeMeTests.swift in Sources */,
			);
			runOnlyForDeploymentPostprocessing = 0;
		};
		9B4D663C1C0243200092933F /* Sources */ = {
			isa = PBXSourcesBuildPhase;
			buildActionMask = 2147483647;
			files = (
				9B4D66451C0243200092933F /* MemeMeUITests.swift in Sources */,
			);
			runOnlyForDeploymentPostprocessing = 0;
		};
/* End PBXSourcesBuildPhase section */

/* Begin PBXTargetDependency section */
		9B4D66371C0243200092933F /* PBXTargetDependency */ = {
			isa = PBXTargetDependency;
			target = 9B4D66201C0243200092933F /* MemeMe */;
			targetProxy = 9B4D66361C0243200092933F /* PBXContainerItemProxy */;
		};
		9B4D66421C0243200092933F /* PBXTargetDependency */ = {
			isa = PBXTargetDependency;
			target = 9B4D66201C0243200092933F /* MemeMe */;
			targetProxy = 9B4D66411C0243200092933F /* PBXContainerItemProxy */;
		};
/* End PBXTargetDependency section */

/* Begin PBXVariantGroup section */
		9B4D66281C0243200092933F /* Main.storyboard */ = {
			isa = PBXVariantGroup;
			children = (
				9B4D66291C0243200092933F /* Base */,
			);
			name = Main.storyboard;
			sourceTree = "<group>";
		};
		9B4D662D1C0243200092933F /* LaunchScreen.storyboard */ = {
			isa = PBXVariantGroup;
			children = (
				9B4D662E1C0243200092933F /* Base */,
			);
			name = LaunchScreen.storyboard;
			sourceTree = "<group>";
		};
/* End PBXVariantGroup section */

/* Begin XCBuildConfiguration section */
		9B4D66471C0243200092933F /* Debug */ = {
			isa = XCBuildConfiguration;
			buildSettings = {
				ALWAYS_SEARCH_USER_PATHS = NO;
				CLANG_CXX_LANGUAGE_STANDARD = "gnu++0x";
				CLANG_CXX_LIBRARY = "libc++";
				CLANG_ENABLE_MODULES = YES;
				CLANG_ENABLE_OBJC_ARC = YES;
				CLANG_WARN_BOOL_CONVERSION = YES;
				CLANG_WARN_CONSTANT_CONVERSION = YES;
				CLANG_WARN_DIRECT_OBJC_ISA_USAGE = YES_ERROR;
				CLANG_WARN_EMPTY_BODY = YES;
				CLANG_WARN_ENUM_CONVERSION = YES;
				CLANG_WARN_INT_CONVERSION = YES;
				CLANG_WARN_OBJC_ROOT_CLASS = YES_ERROR;
				CLANG_WARN_UNREACHABLE_CODE = YES;
				CLANG_WARN__DUPLICATE_METHOD_MATCH = YES;
				"CODE_SIGN_IDENTITY[sdk=iphoneos*]" = "iPhone Developer";
				COPY_PHASE_STRIP = NO;
				DEBUG_INFORMATION_FORMAT = dwarf;
				ENABLE_STRICT_OBJC_MSGSEND = YES;
				ENABLE_TESTABILITY = YES;
				GCC_C_LANGUAGE_STANDARD = gnu99;
				GCC_DYNAMIC_NO_PIC = NO;
				GCC_NO_COMMON_BLOCKS = YES;
				GCC_OPTIMIZATION_LEVEL = 0;
				GCC_PREPROCESSOR_DEFINITIONS = (
					"DEBUG=1",
					"$(inherited)",
				);
				GCC_WARN_64_TO_32_BIT_CONVERSION = YES;
				GCC_WARN_ABOUT_RETURN_TYPE = YES_ERROR;
				GCC_WARN_UNDECLARED_SELECTOR = YES;
				GCC_WARN_UNINITIALIZED_AUTOS = YES_AGGRESSIVE;
				GCC_WARN_UNUSED_FUNCTION = YES;
				GCC_WARN_UNUSED_VARIABLE = YES;
				IPHONEOS_DEPLOYMENT_TARGET = 9.1;
				MTL_ENABLE_DEBUG_INFO = YES;
				ONLY_ACTIVE_ARCH = YES;
				SDKROOT = iphoneos;
				SWIFT_OPTIMIZATION_LEVEL = "-Onone";
			};
			name = Debug;
		};
		9B4D66481C0243200092933F /* Release */ = {
			isa = XCBuildConfiguration;
			buildSettings = {
				ALWAYS_SEARCH_USER_PATHS = NO;
				CLANG_CXX_LANGUAGE_STANDARD = "gnu++0x";
				CLANG_CXX_LIBRARY = "libc++";
				CLANG_ENABLE_MODULES = YES;
				CLANG_ENABLE_OBJC_ARC = YES;
				CLANG_WARN_BOOL_CONVERSION = YES;
				CLANG_WARN_CONSTANT_CONVERSION = YES;
				CLANG_WARN_DIRECT_OBJC_ISA_USAGE = YES_ERROR;
				CLANG_WARN_EMPTY_BODY = YES;
				CLANG_WARN_ENUM_CONVERSION = YES;
				CLANG_WARN_INT_CONVERSION = YES;
				CLANG_WARN_OBJC_ROOT_CLASS = YES_ERROR;
				CLANG_WARN_UNREACHABLE_CODE = YES;
				CLANG_WARN__DUPLICATE_METHOD_MATCH = YES;
				"CODE_SIGN_IDENTITY[sdk=iphoneos*]" = "iPhone Developer";
				COPY_PHASE_STRIP = NO;
				DEBUG_INFORMATION_FORMAT = "dwarf-with-dsym";
				ENABLE_NS_ASSERTIONS = NO;
				ENABLE_STRICT_OBJC_MSGSEND = YES;
				GCC_C_LANGUAGE_STANDARD = gnu99;
				GCC_NO_COMMON_BLOCKS = YES;
				GCC_WARN_64_TO_32_BIT_CONVERSION = YES;
				GCC_WARN_ABOUT_RETURN_TYPE = YES_ERROR;
				GCC_WARN_UNDECLARED_SELECTOR = YES;
				GCC_WARN_UNINITIALIZED_AUTOS = YES_AGGRESSIVE;
				GCC_WARN_UNUSED_FUNCTION = YES;
				GCC_WARN_UNUSED_VARIABLE = YES;
				IPHONEOS_DEPLOYMENT_TARGET = 9.1;
				MTL_ENABLE_DEBUG_INFO = NO;
				SDKROOT = iphoneos;
				VALIDATE_PRODUCT = YES;
			};
			name = Release;
		};
		9B4D664A1C0243200092933F /* Debug */ = {
			isa = XCBuildConfiguration;
			buildSettings = {
				ASSETCATALOG_COMPILER_APPICON_NAME = AppIcon;
				INFOPLIST_FILE = MemeMe/Info.plist;
				LD_RUNPATH_SEARCH_PATHS = "$(inherited) @executable_path/Frameworks";
				PRODUCT_BUNDLE_IDENTIFIER = com.suite22.MemeMe;
				PRODUCT_NAME = "$(TARGET_NAME)";
			};
			name = Debug;
		};
		9B4D664B1C0243200092933F /* Release */ = {
			isa = XCBuildConfiguration;
			buildSettings = {
				ASSETCATALOG_COMPILER_APPICON_NAME = AppIcon;
				INFOPLIST_FILE = MemeMe/Info.plist;
				LD_RUNPATH_SEARCH_PATHS = "$(inherited) @executable_path/Frameworks";
				PRODUCT_BUNDLE_IDENTIFIER = com.suite22.MemeMe;
				PRODUCT_NAME = "$(TARGET_NAME)";
			};
			name = Release;
		};
		9B4D664D1C0243200092933F /* Debug */ = {
			isa = XCBuildConfiguration;
			buildSettings = {
				BUNDLE_LOADER = "$(TEST_HOST)";
				INFOPLIST_FILE = MemeMeTests/Info.plist;
				LD_RUNPATH_SEARCH_PATHS = "$(inherited) @executable_path/Frameworks @loader_path/Frameworks";
				PRODUCT_BUNDLE_IDENTIFIER = com.suite22.MemeMeTests;
				PRODUCT_NAME = "$(TARGET_NAME)";
				TEST_HOST = "$(BUILT_PRODUCTS_DIR)/MemeMe.app/MemeMe";
			};
			name = Debug;
		};
		9B4D664E1C0243200092933F /* Release */ = {
			isa = XCBuildConfiguration;
			buildSettings = {
				BUNDLE_LOADER = "$(TEST_HOST)";
				INFOPLIST_FILE = MemeMeTests/Info.plist;
				LD_RUNPATH_SEARCH_PATHS = "$(inherited) @executable_path/Frameworks @loader_path/Frameworks";
				PRODUCT_BUNDLE_IDENTIFIER = com.suite22.MemeMeTests;
				PRODUCT_NAME = "$(TARGET_NAME)";
				TEST_HOST = "$(BUILT_PRODUCTS_DIR)/MemeMe.app/MemeMe";
			};
			name = Release;
		};
		9B4D66501C0243200092933F /* Debug */ = {
			isa = XCBuildConfiguration;
			buildSettings = {
				INFOPLIST_FILE = MemeMeUITests/Info.plist;
				LD_RUNPATH_SEARCH_PATHS = "$(inherited) @executable_path/Frameworks @loader_path/Frameworks";
				PRODUCT_BUNDLE_IDENTIFIER = com.suite22.MemeMeUITests;
				PRODUCT_NAME = "$(TARGET_NAME)";
				TEST_TARGET_NAME = MemeMe;
				USES_XCTRUNNER = YES;
			};
			name = Debug;
		};
		9B4D66511C0243200092933F /* Release */ = {
			isa = XCBuildConfiguration;
			buildSettings = {
				INFOPLIST_FILE = MemeMeUITests/Info.plist;
				LD_RUNPATH_SEARCH_PATHS = "$(inherited) @executable_path/Frameworks @loader_path/Frameworks";
				PRODUCT_BUNDLE_IDENTIFIER = com.suite22.MemeMeUITests;
				PRODUCT_NAME = "$(TARGET_NAME)";
				TEST_TARGET_NAME = MemeMe;
				USES_XCTRUNNER = YES;
			};
			name = Release;
		};
/* End XCBuildConfiguration section */

/* Begin XCConfigurationList section */
		9B4D661C1C02431F0092933F /* Build configuration list for PBXProject "MemeMe" */ = {
			isa = XCConfigurationList;
			buildConfigurations = (
				9B4D66471C0243200092933F /* Debug */,
				9B4D66481C0243200092933F /* Release */,
			);
			defaultConfigurationIsVisible = 0;
			defaultConfigurationName = Release;
		};
		9B4D66491C0243200092933F /* Build configuration list for PBXNativeTarget "MemeMe" */ = {
			isa = XCConfigurationList;
			buildConfigurations = (
				9B4D664A1C0243200092933F /* Debug */,
				9B4D664B1C0243200092933F /* Release */,
			);
			defaultConfigurationIsVisible = 0;
		};
		9B4D664C1C0243200092933F /* Build configuration list for PBXNativeTarget "MemeMeTests" */ = {
			isa = XCConfigurationList;
			buildConfigurations = (
				9B4D664D1C0243200092933F /* Debug */,
				9B4D664E1C0243200092933F /* Release */,
			);
			defaultConfigurationIsVisible = 0;
		};
		9B4D664F1C0243200092933F /* Build configuration list for PBXNativeTarget "MemeMeUITests" */ = {
			isa = XCConfigurationList;
			buildConfigurations = (
				9B4D66501C0243200092933F /* Debug */,
				9B4D66511C0243200092933F /* Release */,
			);
			defaultConfigurationIsVisible = 0;
		};
/* End XCConfigurationList section */
	};
	rootObject = 9B4D66191C02431F0092933F /* Project object */;
}
